{
  "version": 4,
  "terraform_version": "1.12.2",
  "serial": 23,
  "lineage": "003a51a3-22a8-03fb-32cf-4f17e13433fa",
  "outputs": {},
  "resources": [
    {
      "module": "module.bq_dataset",
      "mode": "managed",
      "type": "google_bigquery_dataset",
      "name": "default",
      "provider": "provider[\"registry.terraform.io/hashicorp/google\"]",
      "instances": [
        {
          "schema_version": 0,
          "attributes": {
            "access": [
              {
                "dataset": [],
                "domain": "",
                "group_by_email": "",
                "iam_member": "",
                "role": "OWNER",
                "routine": [],
                "special_group": "",
                "user_by_email": "hashhackers5@gmail.com",
                "view": []
              },
              {
                "dataset": [],
                "domain": "",
                "group_by_email": "",
                "iam_member": "",
                "role": "OWNER",
                "routine": [],
                "special_group": "projectOwners",
                "user_by_email": "",
                "view": []
              },
              {
                "dataset": [],
                "domain": "",
                "group_by_email": "",
                "iam_member": "",
                "role": "READER",
                "routine": [],
                "special_group": "projectReaders",
                "user_by_email": "",
                "view": []
              },
              {
                "dataset": [],
                "domain": "",
                "group_by_email": "",
                "iam_member": "",
                "role": "WRITER",
                "routine": [],
                "special_group": "projectWriters",
                "user_by_email": "",
                "view": []
              }
            ],
            "creation_time": 1752670170964,
            "dataset_id": "demo_data",
            "default_collation": "",
            "default_encryption_configuration": [],
            "default_partition_expiration_ms": 0,
            "default_table_expiration_ms": 0,
            "delete_contents_on_destroy": false,
            "description": "",
            "effective_labels": {},
            "etag": "guHCj3wDLEvtp4uaXp3Bpg==",
            "external_dataset_reference": [],
            "friendly_name": "",
            "id": "projects/infra-voyage-466111-u7/datasets/demo_data",
            "is_case_insensitive": false,
            "labels": {},
            "last_modified_time": 1752670170964,
            "location": "US",
            "max_time_travel_hours": "168",
            "project": "infra-voyage-466111-u7",
            "resource_tags": {},
            "self_link": "https://bigquery.googleapis.com/bigquery/v2/projects/infra-voyage-466111-u7/datasets/demo_data",
            "storage_billing_model": "",
            "terraform_labels": {},
            "timeouts": null
          },
          "sensitive_attributes": [],
          "identity_schema_version": 0,
          "private": "eyJlMmJmYjczMC1lY2FhLTExZTYtOGY4OC0zNDM2M2JjN2M0YzAiOnsiY3JlYXRlIjoxMjAwMDAwMDAwMDAwLCJkZWxldGUiOjEyMDAwMDAwMDAwMDAsInVwZGF0ZSI6MTIwMDAwMDAwMDAwMH19"
        }
      ]
    },
    {
      "module": "module.cloud_run_classifier",
      "mode": "managed",
      "type": "google_cloud_run_v2_service",
      "name": "default",
      "provider": "provider[\"registry.terraform.io/hashicorp/google\"]",
      "instances": [
        {
          "schema_version": 0,
          "attributes": {
            "annotations": {},
            "binary_authorization": [],
            "client": "",
            "client_version": "",
            "conditions": [
              {
                "execution_reason": "",
                "last_transition_time": "2025-07-16T14:38:54.607185Z",
                "message": "",
                "reason": "",
                "revision_reason": "",
                "severity": "",
                "state": "CONDITION_SUCCEEDED",
                "type": "RoutesReady"
              },
              {
                "execution_reason": "",
                "last_transition_time": "2025-07-16T14:38:53.331435Z",
                "message": "",
                "reason": "",
                "revision_reason": "",
                "severity": "",
                "state": "CONDITION_SUCCEEDED",
                "type": "ConfigurationsReady"
              }
            ],
            "create_time": "2025-07-16T14:38:47.185965Z",
            "creator": "hashhackers5@gmail.com",
            "custom_audiences": [],
            "delete_time": "",
            "description": "",
            "effective_annotations": {},
            "effective_labels": {},
            "etag": "\"CPfy3sMGEMiz1lg/cHJvamVjdHMvaW5mcmEtdm95YWdlLTQ2NjExMS11Ny9sb2NhdGlvbnMvdXMtY2VudHJhbDEvc2VydmljZXMvY2xhc3NpZmllci1zZXJ2aWNl\"",
            "expire_time": "",
            "generation": "1",
            "id": "projects/infra-voyage-466111-u7/locations/us-central1/services/classifier-service",
            "ingress": "INGRESS_TRAFFIC_ALL",
            "labels": {},
            "last_modifier": "hashhackers5@gmail.com",
            "latest_created_revision": "projects/infra-voyage-466111-u7/locations/us-central1/services/classifier-service/revisions/classifier-service-00001-8vs",
            "latest_ready_revision": "projects/infra-voyage-466111-u7/locations/us-central1/services/classifier-service/revisions/classifier-service-00001-8vs",
            "launch_stage": "GA",
            "location": "us-central1",
            "name": "classifier-service",
            "observed_generation": "1",
            "project": "infra-voyage-466111-u7",
            "reconciling": false,
            "template": [
              {
                "annotations": {},
                "containers": [
                  {
                    "args": [],
                    "command": [],
                    "depends_on": [],
                    "env": [],
                    "image": "gcr.io/infra-voyage-466111-u7/classifier-service",
                    "liveness_probe": [],
                    "name": "",
                    "ports": [
                      {
                        "container_port": 8080,
                        "name": "http1"
                      }
                    ],
                    "resources": [
                      {
                        "cpu_idle": true,
                        "limits": {
                          "cpu": "1000m",
                          "memory": "512Mi"
                        },
                        "startup_cpu_boost": false
                      }
                    ],
                    "startup_probe": [
                      {
                        "failure_threshold": 1,
                        "grpc": [],
                        "http_get": [],
                        "initial_delay_seconds": 0,
                        "period_seconds": 240,
                        "tcp_socket": [
                          {
                            "port": 8080
                          }
                        ],
                        "timeout_seconds": 240
                      }
                    ],
                    "volume_mounts": [],
                    "working_dir": ""
                  }
                ],
                "encryption_key": "",
                "execution_environment": "",
                "labels": {},
                "max_instance_request_concurrency": 80,
                "revision": "",
                "scaling": [
                  {
                    "max_instance_count": 3,
                    "min_instance_count": 0
                  }
                ],
                "service_account": "681788725187-compute@developer.gserviceaccount.com",
                "session_affinity": false,
                "timeout": "3600s",
                "volumes": [],
                "vpc_access": []
              }
            ],
            "terminal_condition": [
              {
                "execution_reason": "",
                "last_transition_time": "2025-07-16T14:38:54.650009Z",
                "message": "",
                "reason": "",
                "revision_reason": "",
                "severity": "",
                "state": "CONDITION_SUCCEEDED",
                "type": "Ready"
              }
            ],
            "terraform_labels": {},
            "timeouts": null,
            "traffic": [
              {
                "percent": 100,
                "revision": "",
                "tag": "",
                "type": "TRAFFIC_TARGET_ALLOCATION_TYPE_LATEST"
              }
            ],
            "traffic_statuses": [
              {
                "percent": 100,
                "revision": "",
                "tag": "",
                "type": "TRAFFIC_TARGET_ALLOCATION_TYPE_LATEST",
                "uri": ""
              }
            ],
            "uid": "bfc557fe-9182-4302-a7fe-8d7307012183",
            "update_time": "2025-07-16T14:38:47.185965Z",
            "uri": "https://classifier-service-cfyp44e4ea-uc.a.run.app"
          },
          "sensitive_attributes": [],
          "identity_schema_version": 0,
          "private": "eyJlMmJmYjczMC1lY2FhLTExZTYtOGY4OC0zNDM2M2JjN2M0YzAiOnsiY3JlYXRlIjoxMjAwMDAwMDAwMDAwLCJkZWxldGUiOjEyMDAwMDAwMDAwMDAsInVwZGF0ZSI6MTIwMDAwMDAwMDAwMH19"
        }
      ]
    },
    {
      "module": "module.data_catalog",
      "mode": "managed",
      "type": "google_data_catalog_policy_tag",
      "name": "email",
      "provider": "provider[\"registry.terraform.io/hashicorp/google\"]",
      "instances": [
        {
          "schema_version": 0,
          "attributes": {
            "child_policy_tags": [],
            "description": "",
            "display_name": "EMAIL_ADDRESS",
            "id": "projects/infra-voyage-466111-u7/locations/us-central1/taxonomies/7473765308983615046/policyTags/531523675970706943",
            "name": "projects/infra-voyage-466111-u7/locations/us-central1/taxonomies/7473765308983615046/policyTags/531523675970706943",
            "parent_policy_tag": "",
            "taxonomy": "projects/infra-voyage-466111-u7/locations/us-central1/taxonomies/7473765308983615046",
            "timeouts": null
          },
          "sensitive_attributes": [],
          "identity_schema_version": 0,
          "private": "eyJlMmJmYjczMC1lY2FhLTExZTYtOGY4OC0zNDM2M2JjN2M0YzAiOnsiY3JlYXRlIjoxMjAwMDAwMDAwMDAwLCJkZWxldGUiOjEyMDAwMDAwMDAwMDAsInVwZGF0ZSI6MTIwMDAwMDAwMDAwMH19",
          "dependencies": [
            "module.data_catalog.google_data_catalog_taxonomy.taxonomy"
          ]
        }
      ]
    },
    {
      "module": "module.data_catalog",
      "mode": "managed",
      "type": "google_data_catalog_taxonomy",
      "name": "taxonomy",
      "provider": "provider[\"registry.terraform.io/hashicorp/google\"]",
      "instances": [
        {
          "schema_version": 0,
          "attributes": {
            "activated_policy_types": [
              "FINE_GRAINED_ACCESS_CONTROL"
            ],
            "description": "",
            "display_name": "PII Classification",
            "id": "projects/infra-voyage-466111-u7/locations/us-central1/taxonomies/7473765308983615046",
            "name": "projects/infra-voyage-466111-u7/locations/us-central1/taxonomies/7473765308983615046",
            "project": "infra-voyage-466111-u7",
            "region": "us-central1",
            "timeouts": null
          },
          "sensitive_attributes": [],
          "identity_schema_version": 0,
          "private": "eyJlMmJmYjczMC1lY2FhLTExZTYtOGY4OC0zNDM2M2JjN2M0YzAiOnsiY3JlYXRlIjoxMjAwMDAwMDAwMDAwLCJkZWxldGUiOjEyMDAwMDAwMDAwMDAsInVwZGF0ZSI6MTIwMDAwMDAwMDAwMH19"
        }
      ]
    },
    {
      "module": "module.dlp_findings",
      "mode": "managed",
      "type": "google_bigquery_dataset",
      "name": "default",
      "provider": "provider[\"registry.terraform.io/hashicorp/google\"]",
      "instances": [
        {
          "schema_version": 0,
          "attributes": {
            "access": [
              {
                "dataset": [],
                "domain": "",
                "group_by_email": "",
                "iam_member": "",
                "role": "OWNER",
                "routine": [],
                "special_group": "",
                "user_by_email": "hashhackers5@gmail.com",
                "view": []
              },
              {
                "dataset": [],
                "domain": "",
                "group_by_email": "",
                "iam_member": "",
                "role": "OWNER",
                "routine": [],
                "special_group": "projectOwners",
                "user_by_email": "",
                "view": []
              },
              {
                "dataset": [],
                "domain": "",
                "group_by_email": "",
                "iam_member": "",
                "role": "READER",
                "routine": [],
                "special_group": "projectReaders",
                "user_by_email": "",
                "view": []
              },
              {
                "dataset": [],
                "domain": "",
                "group_by_email": "",
                "iam_member": "",
                "role": "WRITER",
                "routine": [],
                "special_group": "projectWriters",
                "user_by_email": "",
                "view": []
              }
            ],
            "creation_time": 1752670170968,
            "dataset_id": "dlp_results",
            "default_collation": "",
            "default_encryption_configuration": [],
            "default_partition_expiration_ms": 0,
            "default_table_expiration_ms": 0,
            "delete_contents_on_destroy": false,
            "description": "",
            "effective_labels": {},
            "etag": "jWubrX6vODCPW8dMz005aw==",
            "external_dataset_reference": [],
            "friendly_name": "",
            "id": "projects/infra-voyage-466111-u7/datasets/dlp_results",
            "is_case_insensitive": false,
            "labels": {},
            "last_modified_time": 1752670170968,
            "location": "US",
            "max_time_travel_hours": "168",
            "project": "infra-voyage-466111-u7",
            "resource_tags": {},
            "self_link": "https://bigquery.googleapis.com/bigquery/v2/projects/infra-voyage-466111-u7/datasets/dlp_results",
            "storage_billing_model": "",
            "terraform_labels": {},
            "timeouts": null
          },
          "sensitive_attributes": [],
          "identity_schema_version": 0,
          "private": "eyJlMmJmYjczMC1lY2FhLTExZTYtOGY4OC0zNDM2M2JjN2M0YzAiOnsiY3JlYXRlIjoxMjAwMDAwMDAwMDAwLCJkZWxldGUiOjEyMDAwMDAwMDAwMDAsInVwZGF0ZSI6MTIwMDAwMDAwMDAwMH19"
        }
      ]
    },
    {
      "module": "module.dlp_template",
      "mode": "managed",
      "type": "google_data_loss_prevention_inspect_template",
      "name": "default",
      "provider": "provider[\"registry.terraform.io/hashicorp/google\"]",
      "instances": [
        {
          "schema_version": 0,
          "attributes": {
            "description": "Template for inspecting phone numbers and emails",
            "display_name": "Example Inspect Template",
            "id": "projects/infra-voyage-466111-u7/inspectTemplates/example-inspect-template",
            "inspect_config": [
              {
                "content_options": null,
                "custom_info_types": [],
                "exclude_info_types": false,
                "include_quote": true,
                "info_types": [
                  {
                    "name": "PHONE_NUMBER",
                    "sensitivity_score": [],
                    "version": ""
                  },
                  {
                    "name": "EMAIL_ADDRESS",
                    "sensitivity_score": [],
                    "version": ""
                  }
                ],
                "limits": [
                  {
                    "max_findings_per_info_type": [],
                    "max_findings_per_item": 100,
                    "max_findings_per_request": 100
                  }
                ],
                "min_likelihood": "POSSIBLE",
                "rule_set": []
              }
            ],
            "name": "example-inspect-template",
            "parent": "projects/infra-voyage-466111-u7",
            "template_id": "example-inspect-template",
            "timeouts": null
          },
          "sensitive_attributes": [],
          "identity_schema_version": 0,
          "private": "eyJlMmJmYjczMC1lY2FhLTExZTYtOGY4OC0zNDM2M2JjN2M0YzAiOnsiY3JlYXRlIjoxMjAwMDAwMDAwMDAwLCJkZWxldGUiOjEyMDAwMDAwMDAwMDAsInVwZGF0ZSI6MTIwMDAwMDAwMDAwMH19"
        }
      ]
    }
  ],
  "check_results": null
}
